
Microsoft Visual Studio Solution File, Format Version 12.00
# Visual Studio Version 17
VisualStudioVersion = 17.0.31903.59
MinimumVisualStudioVersion = 10.0.40219.1
Project("{2150E333-8FDC-42A3-9474-1A3956D46DE8}") = "src", "src", "{827E0CD3-B72D-47B6-A68D-7590B98EB39B}"
EndProject
Project("{2150E333-8FDC-42A3-9474-1A3956D46DE8}") = "BuildingBlocks", "BuildingBlocks", "{90298CBA-BD6F-3A0A-69D5-97CAD7B05E7E}"
EndProject
Project("{FAE04EC0-301F-11D3-BF4B-00C04F79EFBC}") = "SecureSign.Domain", "src\BuildingBlocks\SecureSign.Domain\SecureSign.Domain.csproj", "{F99CB9E4-DC0F-4E4F-BF94-BA81BAC8E82C}"
EndProject
Project("{FAE04EC0-301F-11D3-BF4B-00C04F79EFBC}") = "SecureSign.Application", "src\BuildingBlocks\SecureSign.Application\SecureSign.Application.csproj", "{3F68432C-72E6-4B94-8B4B-AF981DEED627}"
EndProject
Project("{2150E333-8FDC-42A3-9474-1A3956D46DE8}") = "Services", "Services", "{984BB9B3-3FA3-BE33-9484-CAC21695A33C}"
EndProject
Project("{2150E333-8FDC-42A3-9474-1A3956D46DE8}") = "SecureSign.Documents", "SecureSign.Documents", "{BE0C3D0F-5DA2-A4D4-8705-F0E95CCC64B0}"
EndProject
Project("{FAE04EC0-301F-11D3-BF4B-00C04F79EFBC}") = "SecureSign.Documents.Domain", "src\Services\SecureSign.Documents\SecureSign.Documents.Domain\SecureSign.Documents.Domain.csproj", "{0D2D1134-12D7-451E-B4FD-172CB480D808}"
EndProject
Project("{FAE04EC0-301F-11D3-BF4B-00C04F79EFBC}") = "SecureSign.Documents.Application", "src\Services\SecureSign.Documents\SecureSign.Documents.Application\SecureSign.Documents.Application.csproj", "{6AA90004-1EAF-48DE-9CC8-41C297AF484C}"
EndProject
Project("{2150E333-8FDC-42A3-9474-1A3956D46DE8}") = "SecureSign.Signature", "SecureSign.Signature", "{58575A39-2C22-3D98-3A8B-12D5C5DF9C50}"
EndProject
Project("{FAE04EC0-301F-11D3-BF4B-00C04F79EFBC}") = "SecureSign.Signature.Domain", "src\Services\SecureSign.Signature\SecureSign.Signature.Domain\SecureSign.Signature.Domain.csproj", "{E45D896E-138A-4BC7-9F26-9B2046CBD641}"
EndProject
Project("{FAE04EC0-301F-11D3-BF4B-00C04F79EFBC}") = "SecureSign.Signature.Application", "src\Services\SecureSign.Signature\SecureSign.Signature.Application\SecureSign.Signature.Application.csproj", "{43AA5CF5-CB89-443F-8930-7C2590C84161}"
EndProject
Project("{2150E333-8FDC-42A3-9474-1A3956D46DE8}") = "SecureSign.Crypto", "SecureSign.Crypto", "{D842DCE1-474B-F428-D102-6AFAB2F7EFAB}"
EndProject
Project("{FAE04EC0-301F-11D3-BF4B-00C04F79EFBC}") = "SecureSign.Crypto.Domain", "src\Services\SecureSign.Crypto\SecureSign.Crypto.Domain\SecureSign.Crypto.Domain.csproj", "{978E6456-397B-4EE5-B3EA-187B24589E98}"
EndProject
Project("{FAE04EC0-301F-11D3-BF4B-00C04F79EFBC}") = "SecureSign.Crypto.Application", "src\Services\SecureSign.Crypto\SecureSign.Crypto.Application\SecureSign.Crypto.Application.csproj", "{7D8FDB48-267C-4BD0-9907-A23572ED4712}"
EndProject
Project("{2150E333-8FDC-42A3-9474-1A3956D46DE8}") = "SecureSign.Evidence", "SecureSign.Evidence", "{D0982F4A-EADE-8376-615F-A8F8D675F4D0}"
EndProject
Project("{FAE04EC0-301F-11D3-BF4B-00C04F79EFBC}") = "SecureSign.Evidence.Domain", "src\Services\SecureSign.Evidence\SecureSign.Evidence.Domain\SecureSign.Evidence.Domain.csproj", "{D00B1418-8CDD-45AD-AB27-5E68701E0E4E}"
EndProject
Project("{FAE04EC0-301F-11D3-BF4B-00C04F79EFBC}") = "SecureSign.Evidence.Application", "src\Services\SecureSign.Evidence\SecureSign.Evidence.Application\SecureSign.Evidence.Application.csproj", "{CBBA8715-CC32-430C-A413-BAF2E746AF5D}"
EndProject
Project("{2150E333-8FDC-42A3-9474-1A3956D46DE8}") = "SecureSign.Identity", "SecureSign.Identity", "{2E277818-9B9B-23E1-7069-32616BC30FB3}"
EndProject
Project("{FAE04EC0-301F-11D3-BF4B-00C04F79EFBC}") = "SecureSign.Identity.Domain", "src\Services\SecureSign.Identity\SecureSign.Identity.Domain\SecureSign.Identity.Domain.csproj", "{45E72CC9-66E3-4708-91F2-D095E84452E5}"
EndProject
Project("{FAE04EC0-301F-11D3-BF4B-00C04F79EFBC}") = "SecureSign.Identity.Application", "src\Services\SecureSign.Identity\SecureSign.Identity.Application\SecureSign.Identity.Application.csproj", "{F3ED90D4-C23E-4BFB-AA9C-87CF21B9EF53}"
EndProject
Project("{2150E333-8FDC-42A3-9474-1A3956D46DE8}") = "SecureSign.Audit", "SecureSign.Audit", "{8E2FB26D-594A-6CE7-4A7C-E925228D48D6}"
EndProject
Project("{FAE04EC0-301F-11D3-BF4B-00C04F79EFBC}") = "SecureSign.Audit.Domain", "src\Services\SecureSign.Audit\SecureSign.Audit.Domain\SecureSign.Audit.Domain.csproj", "{203500E3-3D11-400F-8581-601D86EAEE50}"
EndProject
Project("{FAE04EC0-301F-11D3-BF4B-00C04F79EFBC}") = "SecureSign.Audit.Application", "src\Services\SecureSign.Audit\SecureSign.Audit.Application\SecureSign.Audit.Application.csproj", "{C7F316F4-5CEE-4161-ABE5-4D4A9F9133A7}"
EndProject
Project("{FAE04EC0-301F-11D3-BF4B-00C04F79EFBC}") = "SecureSign.Documents.Infrastructure", "src\Services\SecureSign.Documents\SecureSign.Documents.Infrastructure\SecureSign.Documents.Infrastructure.csproj", "{FCF2DFB4-DCD2-4829-B4CD-B7906F102321}"
EndProject
Project("{FAE04EC0-301F-11D3-BF4B-00C04F79EFBC}") = "SecureSign.Documents.Api", "src\Services\SecureSign.Documents\SecureSign.Documents.Api\SecureSign.Documents.Api.csproj", "{34BE99CB-F049-43B6-BC21-809647F47181}"
EndProject
Project("{FAE04EC0-301F-11D3-BF4B-00C04F79EFBC}") = "SecureSign.Signature.Infrastructure", "src\Services\SecureSign.Signature\SecureSign.Signature.Infrastructure\SecureSign.Signature.Infrastructure.csproj", "{54A8D40C-A102-43B2-92F8-1AC658B5CDC0}"
EndProject
Project("{FAE04EC0-301F-11D3-BF4B-00C04F79EFBC}") = "SecureSign.Signature.Api", "src\Services\SecureSign.Signature\SecureSign.Signature.Api\SecureSign.Signature.Api.csproj", "{F9CBB756-47D7-45F0-AFB4-A3A2F7B64079}"
EndProject
Project("{FAE04EC0-301F-11D3-BF4B-00C04F79EFBC}") = "SecureSign.Crypto.Infrastructure", "src\Services\SecureSign.Crypto\SecureSign.Crypto.Infrastructure\SecureSign.Crypto.Infrastructure.csproj", "{45AB5B94-9997-44AF-BECA-C8511C097D23}"
EndProject
Project("{FAE04EC0-301F-11D3-BF4B-00C04F79EFBC}") = "SecureSign.Crypto.Api", "src\Services\SecureSign.Crypto\SecureSign.Crypto.Api\SecureSign.Crypto.Api.csproj", "{CD475A6C-BDF8-42C4-B29C-B05BC2C741C5}"
EndProject
Project("{FAE04EC0-301F-11D3-BF4B-00C04F79EFBC}") = "SecureSign.Evidence.Infrastructure", "src\Services\SecureSign.Evidence\SecureSign.Evidence.Infrastructure\SecureSign.Evidence.Infrastructure.csproj", "{74E4C28A-6551-438F-BF7A-3A730E9112FC}"
EndProject
Project("{FAE04EC0-301F-11D3-BF4B-00C04F79EFBC}") = "SecureSign.Evidence.Api", "src\Services\SecureSign.Evidence\SecureSign.Evidence.Api\SecureSign.Evidence.Api.csproj", "{6E8A269B-03BF-4983-A2B0-8F82E81F9BEA}"
EndProject
Project("{2150E333-8FDC-42A3-9474-1A3956D46DE8}") = "Gateway", "Gateway", "{6306A8FB-679E-111F-6585-8F70E0EE6013}"
EndProject
Project("{FAE04EC0-301F-11D3-BF4B-00C04F79EFBC}") = "SecureSign.Gateway", "src\Gateway\SecureSign.Gateway\SecureSign.Gateway.csproj", "{26643CD1-2F9A-4A0A-95DF-475B28BF2787}"
EndProject
Project("{FAE04EC0-301F-11D3-BF4B-00C04F79EFBC}") = "SecureSign.UnitTests", "tests\SecureSign.UnitTests\SecureSign.UnitTests.csproj", "{12343C37-368F-4FC7-BB5E-50E2F7A1AB85}"
EndProject
Project("{FAE04EC0-301F-11D3-BF4B-00C04F79EFBC}") = "SecureSign.Shared.Auth", "src\BuildingBlocks\SecureSign.Shared.Auth\SecureSign.Shared.Auth.csproj", "{4649871E-1367-41C4-96CB-DF7C3DB23F6B}"
EndProject
Project("{FAE04EC0-301F-11D3-BF4B-00C04F79EFBC}") = "SecureSign.Identity.Infrastructure", "src\Services\SecureSign.Identity\SecureSign.Identity.Infrastructure\SecureSign.Identity.Infrastructure.csproj", "{B33CE522-7922-4907-B6FF-62FEBE5D94E6}"
EndProject
Project("{FAE04EC0-301F-11D3-BF4B-00C04F79EFBC}") = "SecureSign.Identity.Api", "src\Services\SecureSign.Identity\SecureSign.Identity.Api\SecureSign.Identity.Api.csproj", "{040D0DB2-90DB-4DB7-B8CF-34FBD2961CAA}"
EndProject
Project("{2150E333-8FDC-42A3-9474-1A3956D46DE8}") = "Migrator", "Migrator", "{A9E0E39B-C09B-94F0-415C-E33417C69D00}"
EndProject
Project("{FAE04EC0-301F-11D3-BF4B-00C04F79EFBC}") = "SecureSign.Migrator", "src\Migrator\SecureSign.Migrator.csproj", "{82595812-0C3F-431D-AD9D-7015AAF771CC}"
EndProject
Project("{2150E333-8FDC-42A3-9474-1A3956D46DE8}") = "Tools", "Tools", "{DCB6FCB8-FF92-AC57-0842-1F72A354D6B1}"
EndProject
Project("{FAE04EC0-301F-11D3-BF4B-00C04F79EFBC}") = "SecureSign.FirmadorLocal", "src\Tools\SecureSign.FirmadorLocal\SecureSign.FirmadorLocal.csproj", "{4192CA6C-0E8F-4BE2-B099-43B578109036}"
EndProject
Project("{FAE04EC0-301F-11D3-BF4B-00C04F79EFBC}") = "SecureSign.Pades", "src\BuildingBlocks\SecureSign.Pades\SecureSign.Pades.csproj", "{2A3E98E9-48B9-431F-94FD-81C31C526156}"
EndProject
Project("{FAE04EC0-301F-11D3-BF4B-00C04F79EFBC}") = "SecureSign.Trust", "src\BuildingBlocks\SecureSign.Trust\SecureSign.Trust.csproj", "{CB227DCE-F40C-4808-9AA0-0353FEED4BAF}"
EndProject
Project("{FAE04EC0-301F-11D3-BF4B-00C04F79EFBC}") = "SecureSign.Validator", "src\BuildingBlocks\SecureSign.Validator\SecureSign.Validator.csproj", "{7A465892-7790-4465-BF3D-3120EC519DAF}"
EndProject
Project("{FAE04EC0-301F-11D3-BF4B-00C04F79EFBC}") = "SecureSign.Tsa", "src\BuildingBlocks\SecureSign.Tsa\SecureSign.Tsa.csproj", "{3FF4795F-F578-4849-9671-9F6C40054E7B}"
EndProject
Global
	GlobalSection(SolutionConfigurationPlatforms) = preSolution
		Debug|Any CPU = Debug|Any CPU
		Debug|x64 = Debug|x64
		Debug|x86 = Debug|x86
		Release|Any CPU = Release|Any CPU
		Release|x64 = Release|x64
		Release|x86 = Release|x86
	EndGlobalSection
	GlobalSection(ProjectConfigurationPlatforms) = postSolution
		{F99CB9E4-DC0F-4E4F-BF94-BA81BAC8E82C}.Debug|Any CPU.ActiveCfg = Debug|Any CPU
		{F99CB9E4-DC0F-4E4F-BF94-BA81BAC8E82C}.Debug|Any CPU.Build.0 = Debug|Any CPU
		{F99CB9E4-DC0F-4E4F-BF94-BA81BAC8E82C}.Debug|x64.ActiveCfg = Debug|Any CPU
		{F99CB9E4-DC0F-4E4F-BF94-BA81BAC8E82C}.Debug|x64.Build.0 = Debug|Any CPU
		{F99CB9E4-DC0F-4E4F-BF94-BA81BAC8E82C}.Debug|x86.ActiveCfg = Debug|Any CPU
		{F99CB9E4-DC0F-4E4F-BF94-BA81BAC8E82C}.Debug|x86.Build.0 = Debug|Any CPU
		{F99CB9E4-DC0F-4E4F-BF94-BA81BAC8E82C}.Release|Any CPU.ActiveCfg = Release|Any CPU
		{F99CB9E4-DC0F-4E4F-BF94-BA81BAC8E82C}.Release|Any CPU.Build.0 = Release|Any CPU
		{F99CB9E4-DC0F-4E4F-BF94-BA81BAC8E82C}.Release|x64.ActiveCfg = Release|Any CPU
		{F99CB9E4-DC0F-4E4F-BF94-BA81BAC8E82C}.Release|x64.Build.0 = Release|Any CPU
		{F99CB9E4-DC0F-4E4F-BF94-BA81BAC8E82C}.Release|x86.ActiveCfg = Release|Any CPU
		{F99CB9E4-DC0F-4E4F-BF94-BA81BAC8E82C}.Release|x86.Build.0 = Release|Any CPU
		{3F68432C-72E6-4B94-8B4B-AF981DEED627}.Debug|Any CPU.ActiveCfg = Debug|Any CPU
		{3F68432C-72E6-4B94-8B4B-AF981DEED627}.Debug|Any CPU.Build.0 = Debug|Any CPU
		{3F68432C-72E6-4B94-8B4B-AF981DEED627}.Debug|x64.ActiveCfg = Debug|Any CPU
		{3F68432C-72E6-4B94-8B4B-AF981DEED627}.Debug|x64.Build.0 = Debug|Any CPU
		{3F68432C-72E6-4B94-8B4B-AF981DEED627}.Debug|x86.ActiveCfg = Debug|Any CPU
		{3F68432C-72E6-4B94-8B4B-AF981DEED627}.Debug|x86.Build.0 = Debug|Any CPU
		{3F68432C-72E6-4B94-8B4B-AF981DEED627}.Release|Any CPU.ActiveCfg = Release|Any CPU
		{3F68432C-72E6-4B94-8B4B-AF981DEED627}.Release|Any CPU.Build.0 = Release|Any CPU
		{3F68432C-72E6-4B94-8B4B-AF981DEED627}.Release|x64.ActiveCfg = Release|Any CPU
		{3F68432C-72E6-4B94-8B4B-AF981DEED627}.Release|x64.Build.0 = Release|Any CPU
		{3F68432C-72E6-4B94-8B4B-AF981DEED627}.Release|x86.ActiveCfg = Release|Any CPU
		{3F68432C-72E6-4B94-8B4B-AF981DEED627}.Release|x86.Build.0 = Release|Any CPU
		{0D2D1134-12D7-451E-B4FD-172CB480D808}.Debug|Any CPU.ActiveCfg = Debug|Any CPU
		{0D2D1134-12D7-451E-B4FD-172CB480D808}.Debug|Any CPU.Build.0 = Debug|Any CPU
		{0D2D1134-12D7-451E-B4FD-172CB480D808}.Debug|x64.ActiveCfg = Debug|Any CPU
		{0D2D1134-12D7-451E-B4FD-172CB480D808}.Debug|x64.Build.0 = Debug|Any CPU
		{0D2D1134-12D7-451E-B4FD-172CB480D808}.Debug|x86.ActiveCfg = Debug|Any CPU
		{0D2D1134-12D7-451E-B4FD-172CB480D808}.Debug|x86.Build.0 = Debug|Any CPU
		{0D2D1134-12D7-451E-B4FD-172CB480D808}.Release|Any CPU.ActiveCfg = Release|Any CPU
		{0D2D1134-12D7-451E-B4FD-172CB480D808}.Release|Any CPU.Build.0 = Release|Any CPU
		{0D2D1134-12D7-451E-B4FD-172CB480D808}.Release|x64.ActiveCfg = Release|Any CPU
		{0D2D1134-12D7-451E-B4FD-172CB480D808}.Release|x64.Build.0 = Release|Any CPU
		{0D2D1134-12D7-451E-B4FD-172CB480D808}.Release|x86.ActiveCfg = Release|Any CPU
		{0D2D1134-12D7-451E-B4FD-172CB480D808}.Release|x86.Build.0 = Release|Any CPU
		{6AA90004-1EAF-48DE-9CC8-41C297AF484C}.Debug|Any CPU.ActiveCfg = Debug|Any CPU
		{6AA90004-1EAF-48DE-9CC8-41C297AF484C}.Debug|Any CPU.Build.0 = Debug|Any CPU
		{6AA90004-1EAF-48DE-9CC8-41C297AF484C}.Debug|x64.ActiveCfg = Debug|Any CPU
		{6AA90004-1EAF-48DE-9CC8-41C297AF484C}.Debug|x64.Build.0 = Debug|Any CPU
		{6AA90004-1EAF-48DE-9CC8-41C297AF484C}.Debug|x86.ActiveCfg = Debug|Any CPU
		{6AA90004-1EAF-48DE-9CC8-41C297AF484C}.Debug|x86.Build.0 = Debug|Any CPU
		{6AA90004-1EAF-48DE-9CC8-41C297AF484C}.Release|Any CPU.ActiveCfg = Release|Any CPU
		{6AA90004-1EAF-48DE-9CC8-41C297AF484C}.Release|Any CPU.Build.0 = Release|Any CPU
		{6AA90004-1EAF-48DE-9CC8-41C297AF484C}.Release|x64.ActiveCfg = Release|Any CPU
		{6AA90004-1EAF-48DE-9CC8-41C297AF484C}.Release|x64.Build.0 = Release|Any CPU
		{6AA90004-1EAF-48DE-9CC8-41C297AF484C}.Release|x86.ActiveCfg = Release|Any CPU
		{6AA90004-1EAF-48DE-9CC8-41C297AF484C}.Release|x86.Build.0 = Release|Any CPU
		{E45D896E-138A-4BC7-9F26-9B2046CBD641}.Debug|Any CPU.ActiveCfg = Debug|Any CPU
		{E45D896E-138A-4BC7-9F26-9B2046CBD641}.Debug|Any CPU.Build.0 = Debug|Any CPU
		{E45D896E-138A-4BC7-9F26-9B2046CBD641}.Debug|x64.ActiveCfg = Debug|Any CPU
		{E45D896E-138A-4BC7-9F26-9B2046CBD641}.Debug|x64.Build.0 = Debug|Any CPU
		{E45D896E-138A-4BC7-9F26-9B2046CBD641}.Debug|x86.ActiveCfg = Debug|Any CPU
		{E45D896E-138A-4BC7-9F26-9B2046CBD641}.Debug|x86.Build.0 = Debug|Any CPU
		{E45D896E-138A-4BC7-9F26-9B2046CBD641}.Release|Any CPU.ActiveCfg = Release|Any CPU
		{E45D896E-138A-4BC7-9F26-9B2046CBD641}.Release|Any CPU.Build.0 = Release|Any CPU
		{E45D896E-138A-4BC7-9F26-9B2046CBD641}.Release|x64.ActiveCfg = Release|Any CPU
		{E45D896E-138A-4BC7-9F26-9B2046CBD641}.Release|x64.Build.0 = Release|Any CPU
		{E45D896E-138A-4BC7-9F26-9B2046CBD641}.Release|x86.ActiveCfg = Release|Any CPU
		{E45D896E-138A-4BC7-9F26-9B2046CBD641}.Release|x86.Build.0 = Release|Any CPU
		{43AA5CF5-CB89-443F-8930-7C2590C84161}.Debug|Any CPU.ActiveCfg = Debug|Any CPU
		{43AA5CF5-CB89-443F-8930-7C2590C84161}.Debug|Any CPU.Build.0 = Debug|Any CPU
		{43AA5CF5-CB89-443F-8930-7C2590C84161}.Debug|x64.ActiveCfg = Debug|Any CPU
		{43AA5CF5-CB89-443F-8930-7C2590C84161}.Debug|x64.Build.0 = Debug|Any CPU
		{43AA5CF5-CB89-443F-8930-7C2590C84161}.Debug|x86.ActiveCfg = Debug|Any CPU
		{43AA5CF5-CB89-443F-8930-7C2590C84161}.Debug|x86.Build.0 = Debug|Any CPU
		{43AA5CF5-CB89-443F-8930-7C2590C84161}.Release|Any CPU.ActiveCfg = Release|Any CPU
		{43AA5CF5-CB89-443F-8930-7C2590C84161}.Release|Any CPU.Build.0 = Release|Any CPU
		{43AA5CF5-CB89-443F-8930-7C2590C84161}.Release|x64.ActiveCfg = Release|Any CPU
		{43AA5CF5-CB89-443F-8930-7C2590C84161}.Release|x64.Build.0 = Release|Any CPU
		{43AA5CF5-CB89-443F-8930-7C2590C84161}.Release|x86.ActiveCfg = Release|Any CPU
		{43AA5CF5-CB89-443F-8930-7C2590C84161}.Release|x86.Build.0 = Release|Any CPU
		{978E6456-397B-4EE5-B3EA-187B24589E98}.Debug|Any CPU.ActiveCfg = Debug|Any CPU
		{978E6456-397B-4EE5-B3EA-187B24589E98}.Debug|Any CPU.Build.0 = Debug|Any CPU
		{978E6456-397B-4EE5-B3EA-187B24589E98}.Debug|x64.ActiveCfg = Debug|Any CPU
		{978E6456-397B-4EE5-B3EA-187B24589E98}.Debug|x64.Build.0 = Debug|Any CPU
		{978E6456-397B-4EE5-B3EA-187B24589E98}.Debug|x86.ActiveCfg = Debug|Any CPU
		{978E6456-397B-4EE5-B3EA-187B24589E98}.Debug|x86.Build.0 = Debug|Any CPU
		{978E6456-397B-4EE5-B3EA-187B24589E98}.Release|Any CPU.ActiveCfg = Release|Any CPU
		{978E6456-397B-4EE5-B3EA-187B24589E98}.Release|Any CPU.Build.0 = Release|Any CPU
		{978E6456-397B-4EE5-B3EA-187B24589E98}.Release|x64.ActiveCfg = Release|Any CPU
		{978E6456-397B-4EE5-B3EA-187B24589E98}.Release|x64.Build.0 = Release|Any CPU
		{978E6456-397B-4EE5-B3EA-187B24589E98}.Release|x86.ActiveCfg = Release|Any CPU
		{978E6456-397B-4EE5-B3EA-187B24589E98}.Release|x86.Build.0 = Release|Any CPU
		{7D8FDB48-267C-4BD0-9907-A23572ED4712}.Debug|Any CPU.ActiveCfg = Debug|Any CPU
		{7D8FDB48-267C-4BD0-9907-A23572ED4712}.Debug|Any CPU.Build.0 = Debug|Any CPU
		{7D8FDB48-267C-4BD0-9907-A23572ED4712}.Debug|x64.ActiveCfg = Debug|Any CPU
		{7D8FDB48-267C-4BD0-9907-A23572ED4712}.Debug|x64.Build.0 = Debug|Any CPU
		{7D8FDB48-267C-4BD0-9907-A23572ED4712}.Debug|x86.ActiveCfg = Debug|Any CPU
		{7D8FDB48-267C-4BD0-9907-A23572ED4712}.Debug|x86.Build.0 = Debug|Any CPU
		{7D8FDB48-267C-4BD0-9907-A23572ED4712}.Release|Any CPU.ActiveCfg = Release|Any CPU
		{7D8FDB48-267C-4BD0-9907-A23572ED4712}.Release|Any CPU.Build.0 = Release|Any CPU
		{7D8FDB48-267C-4BD0-9907-A23572ED4712}.Release|x64.ActiveCfg = Release|Any CPU
		{7D8FDB48-267C-4BD0-9907-A23572ED4712}.Release|x64.Build.0 = Release|Any CPU
		{7D8FDB48-267C-4BD0-9907-A23572ED4712}.Release|x86.ActiveCfg = Release|Any CPU
		{7D8FDB48-267C-4BD0-9907-A23572ED4712}.Release|x86.Build.0 = Release|Any CPU
		{D00B1418-8CDD-45AD-AB27-5E68701E0E4E}.Debug|Any CPU.ActiveCfg = Debug|Any CPU
		{D00B1418-8CDD-45AD-AB27-5E68701E0E4E}.Debug|Any CPU.Build.0 = Debug|Any CPU
		{D00B1418-8CDD-45AD-AB27-5E68701E0E4E}.Debug|x64.ActiveCfg = Debug|Any CPU
		{D00B1418-8CDD-45AD-AB27-5E68701E0E4E}.Debug|x64.Build.0 = Debug|Any CPU
		{D00B1418-8CDD-45AD-AB27-5E68701E0E4E}.Debug|x86.ActiveCfg = Debug|Any CPU
		{D00B1418-8CDD-45AD-AB27-5E68701E0E4E}.Debug|x86.Build.0 = Debug|Any CPU
		{D00B1418-8CDD-45AD-AB27-5E68701E0E4E}.Release|Any CPU.ActiveCfg = Release|Any CPU
		{D00B1418-8CDD-45AD-AB27-5E68701E0E4E}.Release|Any CPU.Build.0 = Release|Any CPU
		{D00B1418-8CDD-45AD-AB27-5E68701E0E4E}.Release|x64.ActiveCfg = Release|Any CPU
		{D00B1418-8CDD-45AD-AB27-5E68701E0E4E}.Release|x64.Build.0 = Release|Any CPU
		{D00B1418-8CDD-45AD-AB27-5E68701E0E4E}.Release|x86.ActiveCfg = Release|Any CPU
		{D00B1418-8CDD-45AD-AB27-5E68701E0E4E}.Release|x86.Build.0 = Release|Any CPU
		{CBBA8715-CC32-430C-A413-BAF2E746AF5D}.Debug|Any CPU.ActiveCfg = Debug|Any CPU
		{CBBA8715-CC32-430C-A413-BAF2E746AF5D}.Debug|Any CPU.Build.0 = Debug|Any CPU
		{CBBA8715-CC32-430C-A413-BAF2E746AF5D}.Debug|x64.ActiveCfg = Debug|Any CPU
		{CBBA8715-CC32-430C-A413-BAF2E746AF5D}.Debug|x64.Build.0 = Debug|Any CPU
		{CBBA8715-CC32-430C-A413-BAF2E746AF5D}.Debug|x86.ActiveCfg = Debug|Any CPU
		{CBBA8715-CC32-430C-A413-BAF2E746AF5D}.Debug|x86.Build.0 = Debug|Any CPU
		{CBBA8715-CC32-430C-A413-BAF2E746AF5D}.Release|Any CPU.ActiveCfg = Release|Any CPU
		{CBBA8715-CC32-430C-A413-BAF2E746AF5D}.Release|Any CPU.Build.0 = Release|Any CPU
		{CBBA8715-CC32-430C-A413-BAF2E746AF5D}.Release|x64.ActiveCfg = Release|Any CPU
		{CBBA8715-CC32-430C-A413-BAF2E746AF5D}.Release|x64.Build.0 = Release|Any CPU
		{CBBA8715-CC32-430C-A413-BAF2E746AF5D}.Release|x86.ActiveCfg = Release|Any CPU
		{CBBA8715-CC32-430C-A413-BAF2E746AF5D}.Release|x86.Build.0 = Release|Any CPU
		{45E72CC9-66E3-4708-91F2-D095E84452E5}.Debug|Any CPU.ActiveCfg = Debug|Any CPU
		{45E72CC9-66E3-4708-91F2-D095E84452E5}.Debug|Any CPU.Build.0 = Debug|Any CPU
		{45E72CC9-66E3-4708-91F2-D095E84452E5}.Debug|x64.ActiveCfg = Debug|Any CPU
		{45E72CC9-66E3-4708-91F2-D095E84452E5}.Debug|x64.Build.0 = Debug|Any CPU
		{45E72CC9-66E3-4708-91F2-D095E84452E5}.Debug|x86.ActiveCfg = Debug|Any CPU
		{45E72CC9-66E3-4708-91F2-D095E84452E5}.Debug|x86.Build.0 = Debug|Any CPU
		{45E72CC9-66E3-4708-91F2-D095E84452E5}.Release|Any CPU.ActiveCfg = Release|Any CPU
		{45E72CC9-66E3-4708-91F2-D095E84452E5}.Release|Any CPU.Build.0 = Release|Any CPU
		{45E72CC9-66E3-4708-91F2-D095E84452E5}.Release|x64.ActiveCfg = Release|Any CPU
		{45E72CC9-66E3-4708-91F2-D095E84452E5}.Release|x64.Build.0 = Release|Any CPU
		{45E72CC9-66E3-4708-91F2-D095E84452E5}.Release|x86.ActiveCfg = Release|Any CPU
		{45E72CC9-66E3-4708-91F2-D095E84452E5}.Release|x86.Build.0 = Release|Any CPU
		{F3ED90D4-C23E-4BFB-AA9C-87CF21B9EF53}.Debug|Any CPU.ActiveCfg = Debug|Any CPU
		{F3ED90D4-C23E-4BFB-AA9C-87CF21B9EF53}.Debug|Any CPU.Build.0 = Debug|Any CPU
		{F3ED90D4-C23E-4BFB-AA9C-87CF21B9EF53}.Debug|x64.ActiveCfg = Debug|Any CPU
		{F3ED90D4-C23E-4BFB-AA9C-87CF21B9EF53}.Debug|x64.Build.0 = Debug|Any CPU
		{F3ED90D4-C23E-4BFB-AA9C-87CF21B9EF53}.Debug|x86.ActiveCfg = Debug|Any CPU
		{F3ED90D4-C23E-4BFB-AA9C-87CF21B9EF53}.Debug|x86.Build.0 = Debug|Any CPU
		{F3ED90D4-C23E-4BFB-AA9C-87CF21B9EF53}.Release|Any CPU.ActiveCfg = Release|Any CPU
		{F3ED90D4-C23E-4BFB-AA9C-87CF21B9EF53}.Release|Any CPU.Build.0 = Release|Any CPU
		{F3ED90D4-C23E-4BFB-AA9C-87CF21B9EF53}.Release|x64.ActiveCfg = Release|Any CPU
		{F3ED90D4-C23E-4BFB-AA9C-87CF21B9EF53}.Release|x64.Build.0 = Release|Any CPU
		{F3ED90D4-C23E-4BFB-AA9C-87CF21B9EF53}.Release|x86.ActiveCfg = Release|Any CPU
		{F3ED90D4-C23E-4BFB-AA9C-87CF21B9EF53}.Release|x86.Build.0 = Release|Any CPU
		{203500E3-3D11-400F-8581-601D86EAEE50}.Debug|Any CPU.ActiveCfg = Debug|Any CPU
		{203500E3-3D11-400F-8581-601D86EAEE50}.Debug|Any CPU.Build.0 = Debug|Any CPU
		{203500E3-3D11-400F-8581-601D86EAEE50}.Debug|x64.ActiveCfg = Debug|Any CPU
		{203500E3-3D11-400F-8581-601D86EAEE50}.Debug|x64.Build.0 = Debug|Any CPU
		{203500E3-3D11-400F-8581-601D86EAEE50}.Debug|x86.ActiveCfg = Debug|Any CPU
		{203500E3-3D11-400F-8581-601D86EAEE50}.Debug|x86.Build.0 = Debug|Any CPU
		{203500E3-3D11-400F-8581-601D86EAEE50}.Release|Any CPU.ActiveCfg = Release|Any CPU
		{203500E3-3D11-400F-8581-601D86EAEE50}.Release|Any CPU.Build.0 = Release|Any CPU
		{203500E3-3D11-400F-8581-601D86EAEE50}.Release|x64.ActiveCfg = Release|Any CPU
		{203500E3-3D11-400F-8581-601D86EAEE50}.Release|x64.Build.0 = Release|Any CPU
		{203500E3-3D11-400F-8581-601D86EAEE50}.Release|x86.ActiveCfg = Release|Any CPU
		{203500E3-3D11-400F-8581-601D86EAEE50}.Release|x86.Build.0 = Release|Any CPU
		{C7F316F4-5CEE-4161-ABE5-4D4A9F9133A7}.Debug|Any CPU.ActiveCfg = Debug|Any CPU
		{C7F316F4-5CEE-4161-ABE5-4D4A9F9133A7}.Debug|Any CPU.Build.0 = Debug|Any CPU
		{C7F316F4-5CEE-4161-ABE5-4D4A9F9133A7}.Debug|x64.ActiveCfg = Debug|Any CPU
		{C7F316F4-5CEE-4161-ABE5-4D4A9F9133A7}.Debug|x64.Build.0 = Debug|Any CPU
		{C7F316F4-5CEE-4161-ABE5-4D4A9F9133A7}.Debug|x86.ActiveCfg = Debug|Any CPU
		{C7F316F4-5CEE-4161-ABE5-4D4A9F9133A7}.Debug|x86.Build.0 = Debug|Any CPU
		{C7F316F4-5CEE-4161-ABE5-4D4A9F9133A7}.Release|Any CPU.ActiveCfg = Release|Any CPU
		{C7F316F4-5CEE-4161-ABE5-4D4A9F9133A7}.Release|Any CPU.Build.0 = Release|Any CPU
		{C7F316F4-5CEE-4161-ABE5-4D4A9F9133A7}.Release|x64.ActiveCfg = Release|Any CPU
		{C7F316F4-5CEE-4161-ABE5-4D4A9F9133A7}.Release|x64.Build.0 = Release|Any CPU
		{C7F316F4-5CEE-4161-ABE5-4D4A9F9133A7}.Release|x86.ActiveCfg = Release|Any CPU
		{C7F316F4-5CEE-4161-ABE5-4D4A9F9133A7}.Release|x86.Build.0 = Release|Any CPU
		{FCF2DFB4-DCD2-4829-B4CD-B7906F102321}.Debug|Any CPU.ActiveCfg = Debug|Any CPU
		{FCF2DFB4-DCD2-4829-B4CD-B7906F102321}.Debug|Any CPU.Build.0 = Debug|Any CPU
		{FCF2DFB4-DCD2-4829-B4CD-B7906F102321}.Debug|x64.ActiveCfg = Debug|Any CPU
		{FCF2DFB4-DCD2-4829-B4CD-B7906F102321}.Debug|x64.Build.0 = Debug|Any CPU
		{FCF2DFB4-DCD2-4829-B4CD-B7906F102321}.Debug|x86.ActiveCfg = Debug|Any CPU
		{FCF2DFB4-DCD2-4829-B4CD-B7906F102321}.Debug|x86.Build.0 = Debug|Any CPU
		{FCF2DFB4-DCD2-4829-B4CD-B7906F102321}.Release|Any CPU.ActiveCfg = Release|Any CPU
		{FCF2DFB4-DCD2-4829-B4CD-B7906F102321}.Release|Any CPU.Build.0 = Release|Any CPU
		{FCF2DFB4-DCD2-4829-B4CD-B7906F102321}.Release|x64.ActiveCfg = Release|Any CPU
		{FCF2DFB4-DCD2-4829-B4CD-B7906F102321}.Release|x64.Build.0 = Release|Any CPU
		{FCF2DFB4-DCD2-4829-B4CD-B7906F102321}.Release|x86.ActiveCfg = Release|Any CPU
		{FCF2DFB4-DCD2-4829-B4CD-B7906F102321}.Release|x86.Build.0 = Release|Any CPU
		{34BE99CB-F049-43B6-BC21-809647F47181}.Debug|Any CPU.ActiveCfg = Debug|Any CPU
		{34BE99CB-F049-43B6-BC21-809647F47181}.Debug|Any CPU.Build.0 = Debug|Any CPU
		{34BE99CB-F049-43B6-BC21-809647F47181}.Debug|x64.ActiveCfg = Debug|Any CPU
		{34BE99CB-F049-43B6-BC21-809647F47181}.Debug|x64.Build.0 = Debug|Any CPU
		{34BE99CB-F049-43B6-BC21-809647F47181}.Debug|x86.ActiveCfg = Debug|Any CPU
		{34BE99CB-F049-43B6-BC21-809647F47181}.Debug|x86.Build.0 = Debug|Any CPU
		{34BE99CB-F049-43B6-BC21-809647F47181}.Release|Any CPU.ActiveCfg = Release|Any CPU
		{34BE99CB-F049-43B6-BC21-809647F47181}.Release|Any CPU.Build.0 = Release|Any CPU
		{34BE99CB-F049-43B6-BC21-809647F47181}.Release|x64.ActiveCfg = Release|Any CPU
		{34BE99CB-F049-43B6-BC21-809647F47181}.Release|x64.Build.0 = Release|Any CPU
		{34BE99CB-F049-43B6-BC21-809647F47181}.Release|x86.ActiveCfg = Release|Any CPU
		{34BE99CB-F049-43B6-BC21-809647F47181}.Release|x86.Build.0 = Release|Any CPU
		{54A8D40C-A102-43B2-92F8-1AC658B5CDC0}.Debug|Any CPU.ActiveCfg = Debug|Any CPU
		{54A8D40C-A102-43B2-92F8-1AC658B5CDC0}.Debug|Any CPU.Build.0 = Debug|Any CPU
		{54A8D40C-A102-43B2-92F8-1AC658B5CDC0}.Debug|x64.ActiveCfg = Debug|Any CPU
		{54A8D40C-A102-43B2-92F8-1AC658B5CDC0}.Debug|x64.Build.0 = Debug|Any CPU
		{54A8D40C-A102-43B2-92F8-1AC658B5CDC0}.Debug|x86.ActiveCfg = Debug|Any CPU
		{54A8D40C-A102-43B2-92F8-1AC658B5CDC0}.Debug|x86.Build.0 = Debug|Any CPU
		{54A8D40C-A102-43B2-92F8-1AC658B5CDC0}.Release|Any CPU.ActiveCfg = Release|Any CPU
		{54A8D40C-A102-43B2-92F8-1AC658B5CDC0}.Release|Any CPU.Build.0 = Release|Any CPU
		{54A8D40C-A102-43B2-92F8-1AC658B5CDC0}.Release|x64.ActiveCfg = Release|Any CPU
		{54A8D40C-A102-43B2-92F8-1AC658B5CDC0}.Release|x64.Build.0 = Release|Any CPU
		{54A8D40C-A102-43B2-92F8-1AC658B5CDC0}.Release|x86.ActiveCfg = Release|Any CPU
		{54A8D40C-A102-43B2-92F8-1AC658B5CDC0}.Release|x86.Build.0 = Release|Any CPU
		{F9CBB756-47D7-45F0-AFB4-A3A2F7B64079}.Debug|Any CPU.ActiveCfg = Debug|Any CPU
		{F9CBB756-47D7-45F0-AFB4-A3A2F7B64079}.Debug|Any CPU.Build.0 = Debug|Any CPU
		{F9CBB756-47D7-45F0-AFB4-A3A2F7B64079}.Debug|x64.ActiveCfg = Debug|Any CPU
		{F9CBB756-47D7-45F0-AFB4-A3A2F7B64079}.Debug|x64.Build.0 = Debug|Any CPU
		{F9CBB756-47D7-45F0-AFB4-A3A2F7B64079}.Debug|x86.ActiveCfg = Debug|Any CPU
		{F9CBB756-47D7-45F0-AFB4-A3A2F7B64079}.Debug|x86.Build.0 = Debug|Any CPU
		{F9CBB756-47D7-45F0-AFB4-A3A2F7B64079}.Release|Any CPU.ActiveCfg = Release|Any CPU
		{F9CBB756-47D7-45F0-AFB4-A3A2F7B64079}.Release|Any CPU.Build.0 = Release|Any CPU
		{F9CBB756-47D7-45F0-AFB4-A3A2F7B64079}.Release|x64.ActiveCfg = Release|Any CPU
		{F9CBB756-47D7-45F0-AFB4-A3A2F7B64079}.Release|x64.Build.0 = Release|Any CPU
		{F9CBB756-47D7-45F0-AFB4-A3A2F7B64079}.Release|x86.ActiveCfg = Release|Any CPU
		{F9CBB756-47D7-45F0-AFB4-A3A2F7B64079}.Release|x86.Build.0 = Release|Any CPU
		{45AB5B94-9997-44AF-BECA-C8511C097D23}.Debug|Any CPU.ActiveCfg = Debug|Any CPU
		{45AB5B94-9997-44AF-BECA-C8511C097D23}.Debug|Any CPU.Build.0 = Debug|Any CPU
		{45AB5B94-9997-44AF-BECA-C8511C097D23}.Debug|x64.ActiveCfg = Debug|Any CPU
		{45AB5B94-9997-44AF-BECA-C8511C097D23}.Debug|x64.Build.0 = Debug|Any CPU
		{45AB5B94-9997-44AF-BECA-C8511C097D23}.Debug|x86.ActiveCfg = Debug|Any CPU
		{45AB5B94-9997-44AF-BECA-C8511C097D23}.Debug|x86.Build.0 = Debug|Any CPU
		{45AB5B94-9997-44AF-BECA-C8511C097D23}.Release|Any CPU.ActiveCfg = Release|Any CPU
		{45AB5B94-9997-44AF-BECA-C8511C097D23}.Release|Any CPU.Build.0 = Release|Any CPU
		{45AB5B94-9997-44AF-BECA-C8511C097D23}.Release|x64.ActiveCfg = Release|Any CPU
		{45AB5B94-9997-44AF-BECA-C8511C097D23}.Release|x64.Build.0 = Release|Any CPU
		{45AB5B94-9997-44AF-BECA-C8511C097D23}.Release|x86.ActiveCfg = Release|Any CPU
		{45AB5B94-9997-44AF-BECA-C8511C097D23}.Release|x86.Build.0 = Release|Any CPU
		{CD475A6C-BDF8-42C4-B29C-B05BC2C741C5}.Debug|Any CPU.ActiveCfg = Debug|Any CPU
		{CD475A6C-BDF8-42C4-B29C-B05BC2C741C5}.Debug|Any CPU.Build.0 = Debug|Any CPU
		{CD475A6C-BDF8-42C4-B29C-B05BC2C741C5}.Debug|x64.ActiveCfg = Debug|Any CPU
		{CD475A6C-BDF8-42C4-B29C-B05BC2C741C5}.Debug|x64.Build.0 = Debug|Any CPU
		{CD475A6C-BDF8-42C4-B29C-B05BC2C741C5}.Debug|x86.ActiveCfg = Debug|Any CPU
		{CD475A6C-BDF8-42C4-B29C-B05BC2C741C5}.Debug|x86.Build.0 = Debug|Any CPU
		{CD475A6C-BDF8-42C4-B29C-B05BC2C741C5}.Release|Any CPU.ActiveCfg = Release|Any CPU
		{CD475A6C-BDF8-42C4-B29C-B05BC2C741C5}.Release|Any CPU.Build.0 = Release|Any CPU
		{CD475A6C-BDF8-42C4-B29C-B05BC2C741C5}.Release|x64.ActiveCfg = Release|Any CPU
		{CD475A6C-BDF8-42C4-B29C-B05BC2C741C5}.Release|x64.Build.0 = Release|Any CPU
		{CD475A6C-BDF8-42C4-B29C-B05BC2C741C5}.Release|x86.ActiveCfg = Release|Any CPU
		{CD475A6C-BDF8-42C4-B29C-B05BC2C741C5}.Release|x86.Build.0 = Release|Any CPU
		{74E4C28A-6551-438F-BF7A-3A730E9112FC}.Debug|Any CPU.ActiveCfg = Debug|Any CPU
		{74E4C28A-6551-438F-BF7A-3A730E9112FC}.Debug|Any CPU.Build.0 = Debug|Any CPU
		{74E4C28A-6551-438F-BF7A-3A730E9112FC}.Debug|x64.ActiveCfg = Debug|Any CPU
		{74E4C28A-6551-438F-BF7A-3A730E9112FC}.Debug|x64.Build.0 = Debug|Any CPU
		{74E4C28A-6551-438F-BF7A-3A730E9112FC}.Debug|x86.ActiveCfg = Debug|Any CPU
		{74E4C28A-6551-438F-BF7A-3A730E9112FC}.Debug|x86.Build.0 = Debug|Any CPU
		{74E4C28A-6551-438F-BF7A-3A730E9112FC}.Release|Any CPU.ActiveCfg = Release|Any CPU
		{74E4C28A-6551-438F-BF7A-3A730E9112FC}.Release|Any CPU.Build.0 = Release|Any CPU
		{74E4C28A-6551-438F-BF7A-3A730E9112FC}.Release|x64.ActiveCfg = Release|Any CPU
		{74E4C28A-6551-438F-BF7A-3A730E9112FC}.Release|x64.Build.0 = Release|Any CPU
		{74E4C28A-6551-438F-BF7A-3A730E9112FC}.Release|x86.ActiveCfg = Release|Any CPU
		{74E4C28A-6551-438F-BF7A-3A730E9112FC}.Release|x86.Build.0 = Release|Any CPU
		{6E8A269B-03BF-4983-A2B0-8F82E81F9BEA}.Debug|Any CPU.ActiveCfg = Debug|Any CPU
		{6E8A269B-03BF-4983-A2B0-8F82E81F9BEA}.Debug|Any CPU.Build.0 = Debug|Any CPU
		{6E8A269B-03BF-4983-A2B0-8F82E81F9BEA}.Debug|x64.ActiveCfg = Debug|Any CPU
		{6E8A269B-03BF-4983-A2B0-8F82E81F9BEA}.Debug|x64.Build.0 = Debug|Any CPU
		{6E8A269B-03BF-4983-A2B0-8F82E81F9BEA}.Debug|x86.ActiveCfg = Debug|Any CPU
		{6E8A269B-03BF-4983-A2B0-8F82E81F9BEA}.Debug|x86.Build.0 = Debug|Any CPU
		{6E8A269B-03BF-4983-A2B0-8F82E81F9BEA}.Release|Any CPU.ActiveCfg = Release|Any CPU
		{6E8A269B-03BF-4983-A2B0-8F82E81F9BEA}.Release|Any CPU.Build.0 = Release|Any CPU
		{6E8A269B-03BF-4983-A2B0-8F82E81F9BEA}.Release|x64.ActiveCfg = Release|Any CPU
		{6E8A269B-03BF-4983-A2B0-8F82E81F9BEA}.Release|x64.Build.0 = Release|Any CPU
		{6E8A269B-03BF-4983-A2B0-8F82E81F9BEA}.Release|x86.ActiveCfg = Release|Any CPU
		{6E8A269B-03BF-4983-A2B0-8F82E81F9BEA}.Release|x86.Build.0 = Release|Any CPU
		{26643CD1-2F9A-4A0A-95DF-475B28BF2787}.Debug|Any CPU.ActiveCfg = Debug|Any CPU
		{26643CD1-2F9A-4A0A-95DF-475B28BF2787}.Debug|Any CPU.Build.0 = Debug|Any CPU
		{26643CD1-2F9A-4A0A-95DF-475B28BF2787}.Debug|x64.ActiveCfg = Debug|Any CPU
		{26643CD1-2F9A-4A0A-95DF-475B28BF2787}.Debug|x64.Build.0 = Debug|Any CPU
		{26643CD1-2F9A-4A0A-95DF-475B28BF2787}.Debug|x86.ActiveCfg = Debug|Any CPU
		{26643CD1-2F9A-4A0A-95DF-475B28BF2787}.Debug|x86.Build.0 = Debug|Any CPU
		{26643CD1-2F9A-4A0A-95DF-475B28BF2787}.Release|Any CPU.ActiveCfg = Release|Any CPU
		{26643CD1-2F9A-4A0A-95DF-475B28BF2787}.Release|Any CPU.Build.0 = Release|Any CPU
		{26643CD1-2F9A-4A0A-95DF-475B28BF2787}.Release|x64.ActiveCfg = Release|Any CPU
		{26643CD1-2F9A-4A0A-95DF-475B28BF2787}.Release|x64.Build.0 = Release|Any CPU
		{26643CD1-2F9A-4A0A-95DF-475B28BF2787}.Release|x86.ActiveCfg = Release|Any CPU
		{26643CD1-2F9A-4A0A-95DF-475B28BF2787}.Release|x86.Build.0 = Release|Any CPU
		{12343C37-368F-4FC7-BB5E-50E2F7A1AB85}.Debug|Any CPU.ActiveCfg = Debug|Any CPU
		{12343C37-368F-4FC7-BB5E-50E2F7A1AB85}.Debug|Any CPU.Build.0 = Debug|Any CPU
		{12343C37-368F-4FC7-BB5E-50E2F7A1AB85}.Debug|x64.ActiveCfg = Debug|Any CPU
		{12343C37-368F-4FC7-BB5E-50E2F7A1AB85}.Debug|x64.Build.0 = Debug|Any CPU
		{12343C37-368F-4FC7-BB5E-50E2F7A1AB85}.Debug|x86.ActiveCfg = Debug|Any CPU
		{12343C37-368F-4FC7-BB5E-50E2F7A1AB85}.Debug|x86.Build.0 = Debug|Any CPU
		{12343C37-368F-4FC7-BB5E-50E2F7A1AB85}.Release|Any CPU.ActiveCfg = Release|Any CPU
		{12343C37-368F-4FC7-BB5E-50E2F7A1AB85}.Release|Any CPU.Build.0 = Release|Any CPU
		{12343C37-368F-4FC7-BB5E-50E2F7A1AB85}.Release|x64.ActiveCfg = Release|Any CPU
		{12343C37-368F-4FC7-BB5E-50E2F7A1AB85}.Release|x64.Build.0 = Release|Any CPU
		{12343C37-368F-4FC7-BB5E-50E2F7A1AB85}.Release|x86.ActiveCfg = Release|Any CPU
		{12343C37-368F-4FC7-BB5E-50E2F7A1AB85}.Release|x86.Build.0 = Release|Any CPU
		{4649871E-1367-41C4-96CB-DF7C3DB23F6B}.Debug|Any CPU.ActiveCfg = Debug|Any CPU
		{4649871E-1367-41C4-96CB-DF7C3DB23F6B}.Debug|Any CPU.Build.0 = Debug|Any CPU
		{4649871E-1367-41C4-96CB-DF7C3DB23F6B}.Debug|x64.ActiveCfg = Debug|Any CPU
		{4649871E-1367-41C4-96CB-DF7C3DB23F6B}.Debug|x64.Build.0 = Debug|Any CPU
		{4649871E-1367-41C4-96CB-DF7C3DB23F6B}.Debug|x86.ActiveCfg = Debug|Any CPU
		{4649871E-1367-41C4-96CB-DF7C3DB23F6B}.Debug|x86.Build.0 = Debug|Any CPU
		{4649871E-1367-41C4-96CB-DF7C3DB23F6B}.Release|Any CPU.ActiveCfg = Release|Any CPU
		{4649871E-1367-41C4-96CB-DF7C3DB23F6B}.Release|Any CPU.Build.0 = Release|Any CPU
		{4649871E-1367-41C4-96CB-DF7C3DB23F6B}.Release|x64.ActiveCfg = Release|Any CPU
		{4649871E-1367-41C4-96CB-DF7C3DB23F6B}.Release|x64.Build.0 = Release|Any CPU
		{4649871E-1367-41C4-96CB-DF7C3DB23F6B}.Release|x86.ActiveCfg = Release|Any CPU
		{4649871E-1367-41C4-96CB-DF7C3DB23F6B}.Release|x86.Build.0 = Release|Any CPU
		{B33CE522-7922-4907-B6FF-62FEBE5D94E6}.Debug|Any CPU.ActiveCfg = Debug|Any CPU
		{B33CE522-7922-4907-B6FF-62FEBE5D94E6}.Debug|Any CPU.Build.0 = Debug|Any CPU
		{B33CE522-7922-4907-B6FF-62FEBE5D94E6}.Debug|x64.ActiveCfg = Debug|Any CPU
		{B33CE522-7922-4907-B6FF-62FEBE5D94E6}.Debug|x64.Build.0 = Debug|Any CPU
		{B33CE522-7922-4907-B6FF-62FEBE5D94E6}.Debug|x86.ActiveCfg = Debug|Any CPU
		{B33CE522-7922-4907-B6FF-62FEBE5D94E6}.Debug|x86.Build.0 = Debug|Any CPU
		{B33CE522-7922-4907-B6FF-62FEBE5D94E6}.Release|Any CPU.ActiveCfg = Release|Any CPU
		{B33CE522-7922-4907-B6FF-62FEBE5D94E6}.Release|Any CPU.Build.0 = Release|Any CPU
		{B33CE522-7922-4907-B6FF-62FEBE5D94E6}.Release|x64.ActiveCfg = Release|Any CPU
		{B33CE522-7922-4907-B6FF-62FEBE5D94E6}.Release|x64.Build.0 = Release|Any CPU
		{B33CE522-7922-4907-B6FF-62FEBE5D94E6}.Release|x86.ActiveCfg = Release|Any CPU
		{B33CE522-7922-4907-B6FF-62FEBE5D94E6}.Release|x86.Build.0 = Release|Any CPU
		{040D0DB2-90DB-4DB7-B8CF-34FBD2961CAA}.Debug|Any CPU.ActiveCfg = Debug|Any CPU
		{040D0DB2-90DB-4DB7-B8CF-34FBD2961CAA}.Debug|Any CPU.Build.0 = Debug|Any CPU
		{040D0DB2-90DB-4DB7-B8CF-34FBD2961CAA}.Debug|x64.ActiveCfg = Debug|Any CPU
		{040D0DB2-90DB-4DB7-B8CF-34FBD2961CAA}.Debug|x64.Build.0 = Debug|Any CPU
		{040D0DB2-90DB-4DB7-B8CF-34FBD2961CAA}.Debug|x86.ActiveCfg = Debug|Any CPU
		{040D0DB2-90DB-4DB7-B8CF-34FBD2961CAA}.Debug|x86.Build.0 = Debug|Any CPU
		{040D0DB2-90DB-4DB7-B8CF-34FBD2961CAA}.Release|Any CPU.ActiveCfg = Release|Any CPU
		{040D0DB2-90DB-4DB7-B8CF-34FBD2961CAA}.Release|Any CPU.Build.0 = Release|Any CPU
		{040D0DB2-90DB-4DB7-B8CF-34FBD2961CAA}.Release|x64.ActiveCfg = Release|Any CPU
		{040D0DB2-90DB-4DB7-B8CF-34FBD2961CAA}.Release|x64.Build.0 = Release|Any CPU
		{040D0DB2-90DB-4DB7-B8CF-34FBD2961CAA}.Release|x86.ActiveCfg = Release|Any CPU
		{040D0DB2-90DB-4DB7-B8CF-34FBD2961CAA}.Release|x86.Build.0 = Release|Any CPU
		{82595812-0C3F-431D-AD9D-7015AAF771CC}.Debug|Any CPU.ActiveCfg = Debug|Any CPU
		{82595812-0C3F-431D-AD9D-7015AAF771CC}.Debug|Any CPU.Build.0 = Debug|Any CPU
		{82595812-0C3F-431D-AD9D-7015AAF771CC}.Debug|x64.ActiveCfg = Debug|Any CPU
		{82595812-0C3F-431D-AD9D-7015AAF771CC}.Debug|x64.Build.0 = Debug|Any CPU
		{82595812-0C3F-431D-AD9D-7015AAF771CC}.Debug|x86.ActiveCfg = Debug|Any CPU
		{82595812-0C3F-431D-AD9D-7015AAF771CC}.Debug|x86.Build.0 = Debug|Any CPU
		{82595812-0C3F-431D-AD9D-7015AAF771CC}.Release|Any CPU.ActiveCfg = Release|Any CPU
		{82595812-0C3F-431D-AD9D-7015AAF771CC}.Release|Any CPU.Build.0 = Release|Any CPU
		{82595812-0C3F-431D-AD9D-7015AAF771CC}.Release|x64.ActiveCfg = Release|Any CPU
		{82595812-0C3F-431D-AD9D-7015AAF771CC}.Release|x64.Build.0 = Release|Any CPU
		{82595812-0C3F-431D-AD9D-7015AAF771CC}.Release|x86.ActiveCfg = Release|Any CPU
		{82595812-0C3F-431D-AD9D-7015AAF771CC}.Release|x86.Build.0 = Release|Any CPU
		{4192CA6C-0E8F-4BE2-B099-43B578109036}.Debug|Any CPU.ActiveCfg = Debug|Any CPU
		{4192CA6C-0E8F-4BE2-B099-43B578109036}.Debug|Any CPU.Build.0 = Debug|Any CPU
		{4192CA6C-0E8F-4BE2-B099-43B578109036}.Debug|x64.ActiveCfg = Debug|Any CPU
		{4192CA6C-0E8F-4BE2-B099-43B578109036}.Debug|x64.Build.0 = Debug|Any CPU
		{4192CA6C-0E8F-4BE2-B099-43B578109036}.Debug|x86.ActiveCfg = Debug|Any CPU
		{4192CA6C-0E8F-4BE2-B099-43B578109036}.Debug|x86.Build.0 = Debug|Any CPU
		{4192CA6C-0E8F-4BE2-B099-43B578109036}.Release|Any CPU.ActiveCfg = Release|Any CPU
		{4192CA6C-0E8F-4BE2-B099-43B578109036}.Release|Any CPU.Build.0 = Release|Any CPU
		{4192CA6C-0E8F-4BE2-B099-43B578109036}.Release|x64.ActiveCfg = Release|Any CPU
		{4192CA6C-0E8F-4BE2-B099-43B578109036}.Release|x64.Build.0 = Release|Any CPU
		{4192CA6C-0E8F-4BE2-B099-43B578109036}.Release|x86.ActiveCfg = Release|Any CPU
		{4192CA6C-0E8F-4BE2-B099-43B578109036}.Release|x86.Build.0 = Release|Any CPU
		{2A3E98E9-48B9-431F-94FD-81C31C526156}.Debug|Any CPU.ActiveCfg = Debug|Any CPU
		{2A3E98E9-48B9-431F-94FD-81C31C526156}.Debug|Any CPU.Build.0 = Debug|Any CPU
		{2A3E98E9-48B9-431F-94FD-81C31C526156}.Debug|x64.ActiveCfg = Debug|Any CPU
		{2A3E98E9-48B9-431F-94FD-81C31C526156}.Debug|x64.Build.0 = Debug|Any CPU
		{2A3E98E9-48B9-431F-94FD-81C31C526156}.Debug|x86.ActiveCfg = Debug|Any CPU
		{2A3E98E9-48B9-431F-94FD-81C31C526156}.Debug|x86.Build.0 = Debug|Any CPU
		{2A3E98E9-48B9-431F-94FD-81C31C526156}.Release|Any CPU.ActiveCfg = Release|Any CPU
		{2A3E98E9-48B9-431F-94FD-81C31C526156}.Release|Any CPU.Build.0 = Release|Any CPU
		{2A3E98E9-48B9-431F-94FD-81C31C526156}.Release|x64.ActiveCfg = Release|Any CPU
		{2A3E98E9-48B9-431F-94FD-81C31C526156}.Release|x64.Build.0 = Release|Any CPU
		{2A3E98E9-48B9-431F-94FD-81C31C526156}.Release|x86.ActiveCfg = Release|Any CPU
		{2A3E98E9-48B9-431F-94FD-81C31C526156}.Release|x86.Build.0 = Release|Any CPU
		{CB227DCE-F40C-4808-9AA0-0353FEED4BAF}.Debug|Any CPU.ActiveCfg = Debug|Any CPU
		{CB227DCE-F40C-4808-9AA0-0353FEED4BAF}.Debug|Any CPU.Build.0 = Debug|Any CPU
		{CB227DCE-F40C-4808-9AA0-0353FEED4BAF}.Debug|x64.ActiveCfg = Debug|Any CPU
		{CB227DCE-F40C-4808-9AA0-0353FEED4BAF}.Debug|x64.Build.0 = Debug|Any CPU
		{CB227DCE-F40C-4808-9AA0-0353FEED4BAF}.Debug|x86.ActiveCfg = Debug|Any CPU
		{CB227DCE-F40C-4808-9AA0-0353FEED4BAF}.Debug|x86.Build.0 = Debug|Any CPU
		{CB227DCE-F40C-4808-9AA0-0353FEED4BAF}.Release|Any CPU.ActiveCfg = Release|Any CPU
		{CB227DCE-F40C-4808-9AA0-0353FEED4BAF}.Release|Any CPU.Build.0 = Release|Any CPU
		{CB227DCE-F40C-4808-9AA0-0353FEED4BAF}.Release|x64.ActiveCfg = Release|Any CPU
		{CB227DCE-F40C-4808-9AA0-0353FEED4BAF}.Release|x64.Build.0 = Release|Any CPU
		{CB227DCE-F40C-4808-9AA0-0353FEED4BAF}.Release|x86.ActiveCfg = Release|Any CPU
		{CB227DCE-F40C-4808-9AA0-0353FEED4BAF}.Release|x86.Build.0 = Release|Any CPU
		{7A465892-7790-4465-BF3D-3120EC519DAF}.Debug|Any CPU.ActiveCfg = Debug|Any CPU
		{7A465892-7790-4465-BF3D-3120EC519DAF}.Debug|Any CPU.Build.0 = Debug|Any CPU
		{7A465892-7790-4465-BF3D-3120EC519DAF}.Debug|x64.ActiveCfg = Debug|Any CPU
		{7A465892-7790-4465-BF3D-3120EC519DAF}.Debug|x64.Build.0 = Debug|Any CPU
		{7A465892-7790-4465-BF3D-3120EC519DAF}.Debug|x86.ActiveCfg = Debug|Any CPU
		{7A465892-7790-4465-BF3D-3120EC519DAF}.Debug|x86.Build.0 = Debug|Any CPU
		{7A465892-7790-4465-BF3D-3120EC519DAF}.Release|Any CPU.ActiveCfg = Release|Any CPU
		{7A465892-7790-4465-BF3D-3120EC519DAF}.Release|Any CPU.Build.0 = Release|Any CPU
		{7A465892-7790-4465-BF3D-3120EC519DAF}.Release|x64.ActiveCfg = Release|Any CPU
		{7A465892-7790-4465-BF3D-3120EC519DAF}.Release|x64.Build.0 = Release|Any CPU
		{7A465892-7790-4465-BF3D-3120EC519DAF}.Release|x86.ActiveCfg = Release|Any CPU
		{7A465892-7790-4465-BF3D-3120EC519DAF}.Release|x86.Build.0 = Release|Any CPU
		{3FF4795F-F578-4849-9671-9F6C40054E7B}.Debug|Any CPU.ActiveCfg = Debug|Any CPU
		{3FF4795F-F578-4849-9671-9F6C40054E7B}.Debug|Any CPU.Build.0 = Debug|Any CPU
		{3FF4795F-F578-4849-9671-9F6C40054E7B}.Debug|x64.ActiveCfg = Debug|Any CPU
		{3FF4795F-F578-4849-9671-9F6C40054E7B}.Debug|x64.Build.0 = Debug|Any CPU
		{3FF4795F-F578-4849-9671-9F6C40054E7B}.Debug|x86.ActiveCfg = Debug|Any CPU
		{3FF4795F-F578-4849-9671-9F6C40054E7B}.Debug|x86.Build.0 = Debug|Any CPU
		{3FF4795F-F578-4849-9671-9F6C40054E7B}.Release|Any CPU.ActiveCfg = Release|Any CPU
		{3FF4795F-F578-4849-9671-9F6C40054E7B}.Release|Any CPU.Build.0 = Release|Any CPU
		{3FF4795F-F578-4849-9671-9F6C40054E7B}.Release|x64.ActiveCfg = Release|Any CPU
		{3FF4795F-F578-4849-9671-9F6C40054E7B}.Release|x64.Build.0 = Release|Any CPU
		{3FF4795F-F578-4849-9671-9F6C40054E7B}.Release|x86.ActiveCfg = Release|Any CPU
		{3FF4795F-F578-4849-9671-9F6C40054E7B}.Release|x86.Build.0 = Release|Any CPU
	EndGlobalSection
	GlobalSection(SolutionProperties) = preSolution
		HideSolutionNode = FALSE
	EndGlobalSection
	GlobalSection(NestedProjects) = preSolution
		{90298CBA-BD6F-3A0A-69D5-97CAD7B05E7E} = {827E0CD3-B72D-47B6-A68D-7590B98EB39B}
		{F99CB9E4-DC0F-4E4F-BF94-BA81BAC8E82C} = {90298CBA-BD6F-3A0A-69D5-97CAD7B05E7E}
		{3F68432C-72E6-4B94-8B4B-AF981DEED627} = {90298CBA-BD6F-3A0A-69D5-97CAD7B05E7E}
		{984BB9B3-3FA3-BE33-9484-CAC21695A33C} = {827E0CD3-B72D-47B6-A68D-7590B98EB39B}
		{BE0C3D0F-5DA2-A4D4-8705-F0E95CCC64B0} = {984BB9B3-3FA3-BE33-9484-CAC21695A33C}
		{0D2D1134-12D7-451E-B4FD-172CB480D808} = {BE0C3D0F-5DA2-A4D4-8705-F0E95CCC64B0}
		{6AA90004-1EAF-48DE-9CC8-41C297AF484C} = {BE0C3D0F-5DA2-A4D4-8705-F0E95CCC64B0}
		{58575A39-2C22-3D98-3A8B-12D5C5DF9C50} = {984BB9B3-3FA3-BE33-9484-CAC21695A33C}
		{E45D896E-138A-4BC7-9F26-9B2046CBD641} = {58575A39-2C22-3D98-3A8B-12D5C5DF9C50}
		{43AA5CF5-CB89-443F-8930-7C2590C84161} = {58575A39-2C22-3D98-3A8B-12D5C5DF9C50}
		{D842DCE1-474B-F428-D102-6AFAB2F7EFAB} = {984BB9B3-3FA3-BE33-9484-CAC21695A33C}
		{978E6456-397B-4EE5-B3EA-187B24589E98} = {D842DCE1-474B-F428-D102-6AFAB2F7EFAB}
		{7D8FDB48-267C-4BD0-9907-A23572ED4712} = {D842DCE1-474B-F428-D102-6AFAB2F7EFAB}
		{D0982F4A-EADE-8376-615F-A8F8D675F4D0} = {984BB9B3-3FA3-BE33-9484-CAC21695A33C}
		{D00B1418-8CDD-45AD-AB27-5E68701E0E4E} = {D0982F4A-EADE-8376-615F-A8F8D675F4D0}
		{CBBA8715-CC32-430C-A413-BAF2E746AF5D} = {D0982F4A-EADE-8376-615F-A8F8D675F4D0}
		{2E277818-9B9B-23E1-7069-32616BC30FB3} = {984BB9B3-3FA3-BE33-9484-CAC21695A33C}
		{45E72CC9-66E3-4708-91F2-D095E84452E5} = {2E277818-9B9B-23E1-7069-32616BC30FB3}
		{F3ED90D4-C23E-4BFB-AA9C-87CF21B9EF53} = {2E277818-9B9B-23E1-7069-32616BC30FB3}
		{8E2FB26D-594A-6CE7-4A7C-E925228D48D6} = {984BB9B3-3FA3-BE33-9484-CAC21695A33C}
		{203500E3-3D11-400F-8581-601D86EAEE50} = {8E2FB26D-594A-6CE7-4A7C-E925228D48D6}
		{C7F316F4-5CEE-4161-ABE5-4D4A9F9133A7} = {8E2FB26D-594A-6CE7-4A7C-E925228D48D6}
		{FCF2DFB4-DCD2-4829-B4CD-B7906F102321} = {BE0C3D0F-5DA2-A4D4-8705-F0E95CCC64B0}
		{34BE99CB-F049-43B6-BC21-809647F47181} = {BE0C3D0F-5DA2-A4D4-8705-F0E95CCC64B0}
		{54A8D40C-A102-43B2-92F8-1AC658B5CDC0} = {58575A39-2C22-3D98-3A8B-12D5C5DF9C50}
		{F9CBB756-47D7-45F0-AFB4-A3A2F7B64079} = {58575A39-2C22-3D98-3A8B-12D5C5DF9C50}
		{45AB5B94-9997-44AF-BECA-C8511C097D23} = {D842DCE1-474B-F428-D102-6AFAB2F7EFAB}
		{CD475A6C-BDF8-42C4-B29C-B05BC2C741C5} = {D842DCE1-474B-F428-D102-6AFAB2F7EFAB}
		{74E4C28A-6551-438F-BF7A-3A730E9112FC} = {D0982F4A-EADE-8376-615F-A8F8D675F4D0}
		{6E8A269B-03BF-4983-A2B0-8F82E81F9BEA} = {D0982F4A-EADE-8376-615F-A8F8D675F4D0}
		{6306A8FB-679E-111F-6585-8F70E0EE6013} = {827E0CD3-B72D-47B6-A68D-7590B98EB39B}
		{26643CD1-2F9A-4A0A-95DF-475B28BF2787} = {6306A8FB-679E-111F-6585-8F70E0EE6013}
		{12343C37-368F-4FC7-BB5E-50E2F7A1AB85} = {6306A8FB-679E-111F-6585-8F70E0EE6013}
		{4649871E-1367-41C4-96CB-DF7C3DB23F6B} = {90298CBA-BD6F-3A0A-69D5-97CAD7B05E7E}
		{B33CE522-7922-4907-B6FF-62FEBE5D94E6} = {2E277818-9B9B-23E1-7069-32616BC30FB3}
		{040D0DB2-90DB-4DB7-B8CF-34FBD2961CAA} = {2E277818-9B9B-23E1-7069-32616BC30FB3}
		{A9E0E39B-C09B-94F0-415C-E33417C69D00} = {827E0CD3-B72D-47B6-A68D-7590B98EB39B}
		{82595812-0C3F-431D-AD9D-7015AAF771CC} = {A9E0E39B-C09B-94F0-415C-E33417C69D00}
		{DCB6FCB8-FF92-AC57-0842-1F72A354D6B1} = {827E0CD3-B72D-47B6-A68D-7590B98EB39B}
		{4192CA6C-0E8F-4BE2-B099-43B578109036} = {DCB6FCB8-FF92-AC57-0842-1F72A354D6B1}
		{2A3E98E9-48B9-431F-94FD-81C31C526156} = {90298CBA-BD6F-3A0A-69D5-97CAD7B05E7E}
		{CB227DCE-F40C-4808-9AA0-0353FEED4BAF} = {90298CBA-BD6F-3A0A-69D5-97CAD7B05E7E}
		{7A465892-7790-4465-BF3D-3120EC519DAF} = {90298CBA-BD6F-3A0A-69D5-97CAD7B05E7E}
		{3FF4795F-F578-4849-9671-9F6C40054E7B} = {90298CBA-BD6F-3A0A-69D5-97CAD7B05E7E}
	EndGlobalSection
EndGlobal
